
Microsoft Visual Studio Solution File, Format Version 12.00
# Visual Studio Version 17
VisualStudioVersion = 17.0.31903.59
MinimumVisualStudioVersion = 10.0.40219.1
Project("{FAE04EC0-301F-11D3-BF4B-00C04F79EFBC}") = "Api", "Api\Api.csproj", "{1B16B794-D77E-43CF-AABC-4AEEB7535A54}"
EndProject
Project("{FAE04EC0-301F-11D3-BF4B-00C04F79EFBC}") = "Application", "Application\Application.csproj", "{5E052694-A966-4563-AAF5-C4F863E3E7AA}"
EndProject
Project("{FAE04EC0-301F-11D3-BF4B-00C04F79EFBC}") = "Infrastructure", "Infrastructure\Infrastructure.csproj", "{1F4ADE2C-8DC3-46CD-82E1-C4B291CF5F98}"
EndProject
Project("{FAE04EC0-301F-11D3-BF4B-00C04F79EFBC}") = "Domain", "Domain\Domain.csproj", "{3D3F46B5-49D9-41AC-945B-102FF1E77B12}"
EndProject
Global
	GlobalSection(SolutionConfigurationPlatforms) = preSolution
		Debug|Any CPU = Debug|Any CPU
		Release|Any CPU = Release|Any CPU
	EndGlobalSection
	GlobalSection(SolutionProperties) = preSolution
		HideSolutionNode = FALSE
	EndGlobalSection
	GlobalSection(ProjectConfigurationPlatforms) = postSolution
		{1B16B794-D77E-43CF-AABC-4AEEB7535A54}.Debug|Any CPU.ActiveCfg = Debug|Any CPU
		{1B16B794-D77E-43CF-AABC-4AEEB7535A54}.Debug|Any CPU.Build.0 = Debug|Any CPU
		{1B16B794-D77E-43CF-AABC-4AEEB7535A54}.Release|Any CPU.ActiveCfg = Release|Any CPU
		{1B16B794-D77E-43CF-AABC-4AEEB7535A54}.Release|Any CPU.Build.0 = Release|Any CPU
		{5E052694-A966-4563-AAF5-C4F863E3E7AA}.Debug|Any CPU.ActiveCfg = Debug|Any CPU
		{5E052694-A966-4563-AAF5-C4F863E3E7AA}.Debug|Any CPU.Build.0 = Debug|Any CPU
		{5E052694-A966-4563-AAF5-C4F863E3E7AA}.Release|Any CPU.ActiveCfg = Release|Any CPU
		{5E052694-A966-4563-AAF5-C4F863E3E7AA}.Release|Any CPU.Build.0 = Release|Any CPU
		{1F4ADE2C-8DC3-46CD-82E1-C4B291CF5F98}.Debug|Any CPU.ActiveCfg = Debug|Any CPU
		{1F4ADE2C-8DC3-46CD-82E1-C4B291CF5F98}.Debug|Any CPU.Build.0 = Debug|Any CPU
		{1F4ADE2C-8DC3-46CD-82E1-C4B291CF5F98}.Release|Any CPU.ActiveCfg = Release|Any CPU
		{1F4ADE2C-8DC3-46CD-82E1-C4B291CF5F98}.Release|Any CPU.Build.0 = Release|Any CPU
		{3D3F46B5-49D9-41AC-945B-102FF1E77B12}.Debug|Any CPU.ActiveCfg = Debug|Any CPU
		{3D3F46B5-49D9-41AC-945B-102FF1E77B12}.Debug|Any CPU.Build.0 = Debug|Any CPU
		{3D3F46B5-49D9-41AC-945B-102FF1E77B12}.Release|Any CPU.ActiveCfg = Release|Any CPU
		{3D3F46B5-49D9-41AC-945B-102FF1E77B12}.Release|Any CPU.Build.0 = Release|Any CPU
	EndGlobalSection
EndGlobal
