
Microsoft Visual Studio Solution File, Format Version 12.00
# Visual Studio Version 17
VisualStudioVersion = 17.0.31903.59
MinimumVisualStudioVersion = 10.0.40219.1
Project("{FAE04EC0-301F-11D3-BF4B-00C04F79EFBC}") = "Api", "Api\Api.csproj", "{04AEDBC3-2C3D-4359-9246-DA6656AD4F3C}"
EndProject
Project("{FAE04EC0-301F-11D3-BF4B-00C04F79EFBC}") = "Application", "Application\Application.csproj", "{F9213C29-BA59-4117-80DF-084DDE0FE357}"
EndProject
Project("{FAE04EC0-301F-11D3-BF4B-00C04F79EFBC}") = "Infrastructure", "Infrastructure\Infrastructure.csproj", "{BC7F0BAE-7350-4A05-97F7-530AE2436A3C}"
EndProject
Project("{FAE04EC0-301F-11D3-BF4B-00C04F79EFBC}") = "Domain", "Domain\Domain.csproj", "{CB054E39-6459-467A-BDF2-8D6512D2228E}"
EndProject
Global
	GlobalSection(SolutionConfigurationPlatforms) = preSolution
		Debug|Any CPU = Debug|Any CPU
		Release|Any CPU = Release|Any CPU
	EndGlobalSection
	GlobalSection(SolutionProperties) = preSolution
		HideSolutionNode = FALSE
	EndGlobalSection
	GlobalSection(ProjectConfigurationPlatforms) = postSolution
		{04AEDBC3-2C3D-4359-9246-DA6656AD4F3C}.Debug|Any CPU.ActiveCfg = Debug|Any CPU
		{04AEDBC3-2C3D-4359-9246-DA6656AD4F3C}.Debug|Any CPU.Build.0 = Debug|Any CPU
		{04AEDBC3-2C3D-4359-9246-DA6656AD4F3C}.Release|Any CPU.ActiveCfg = Release|Any CPU
		{04AEDBC3-2C3D-4359-9246-DA6656AD4F3C}.Release|Any CPU.Build.0 = Release|Any CPU
		{F9213C29-BA59-4117-80DF-084DDE0FE357}.Debug|Any CPU.ActiveCfg = Debug|Any CPU
		{F9213C29-BA59-4117-80DF-084DDE0FE357}.Debug|Any CPU.Build.0 = Debug|Any CPU
		{F9213C29-BA59-4117-80DF-084DDE0FE357}.Release|Any CPU.ActiveCfg = Release|Any CPU
		{F9213C29-BA59-4117-80DF-084DDE0FE357}.Release|Any CPU.Build.0 = Release|Any CPU
		{BC7F0BAE-7350-4A05-97F7-530AE2436A3C}.Debug|Any CPU.ActiveCfg = Debug|Any CPU
		{BC7F0BAE-7350-4A05-97F7-530AE2436A3C}.Debug|Any CPU.Build.0 = Debug|Any CPU
		{BC7F0BAE-7350-4A05-97F7-530AE2436A3C}.Release|Any CPU.ActiveCfg = Release|Any CPU
		{BC7F0BAE-7350-4A05-97F7-530AE2436A3C}.Release|Any CPU.Build.0 = Release|Any CPU
		{CB054E39-6459-467A-BDF2-8D6512D2228E}.Debug|Any CPU.ActiveCfg = Debug|Any CPU
		{CB054E39-6459-467A-BDF2-8D6512D2228E}.Debug|Any CPU.Build.0 = Debug|Any CPU
		{CB054E39-6459-467A-BDF2-8D6512D2228E}.Release|Any CPU.ActiveCfg = Release|Any CPU
		{CB054E39-6459-467A-BDF2-8D6512D2228E}.Release|Any CPU.Build.0 = Release|Any CPU
	EndGlobalSection
EndGlobal
